
Microsoft Visual Studio Solution File, Format Version 12.00
# Visual Studio Version 17
VisualStudioVersion = 17.11.35327.3
MinimumVisualStudioVersion = 10.0.40219.1
Project("{9A19103F-16F7-4668-BE54-9A1E7A4F7556}") = "SqlVisualiser", "SqlVisualiser.csproj", "{27B9C55A-0501-481F-9659-966371DD8B74}"
EndProject
Project("{FAE04EC0-301F-11D3-BF4B-00C04F79EFBC}") = "SqlVisualiser.Test", "..\SqlVisualiser.Test\SqlVisualiser.Test.csproj", "{BC44EC27-1051-400E-AE94-09F00FB78D24}"
EndProject
Global
	GlobalSection(SolutionConfigurationPlatforms) = preSolution
		Debug|Any CPU = Debug|Any CPU
		Release|Any CPU = Release|Any CPU
	EndGlobalSection
	GlobalSection(ProjectConfigurationPlatforms) = postSolution
		{27B9C55A-0501-481F-9659-966371DD8B74}.Debug|Any CPU.ActiveCfg = Debug|Any CPU
		{27B9C55A-0501-481F-9659-966371DD8B74}.Debug|Any CPU.Build.0 = Debug|Any CPU
		{27B9C55A-0501-481F-9659-966371DD8B74}.Release|Any CPU.ActiveCfg = Release|Any CPU
		{27B9C55A-0501-481F-9659-966371DD8B74}.Release|Any CPU.Build.0 = Release|Any CPU
		{BC44EC27-1051-400E-AE94-09F00FB78D24}.Debug|Any CPU.ActiveCfg = Debug|Any CPU
		{BC44EC27-1051-400E-AE94-09F00FB78D24}.Debug|Any CPU.Build.0 = Debug|Any CPU
		{BC44EC27-1051-400E-AE94-09F00FB78D24}.Release|Any CPU.ActiveCfg = Release|Any CPU
		{BC44EC27-1051-400E-AE94-09F00FB78D24}.Release|Any CPU.Build.0 = Release|Any CPU
	EndGlobalSection
	GlobalSection(SolutionProperties) = preSolution
		HideSolutionNode = FALSE
	EndGlobalSection
	GlobalSection(ExtensibilityGlobals) = postSolution
		SolutionGuid = {4B4C74D6-6E2E-4EB6-8FB7-CB824A3E2A82}
	EndGlobalSection
EndGlobal
